// !$*UTF8*$!
{
	archiveVersion = 1;
	classes = {
	};
	objectVersion = 51;
	objects = {

/* Begin PBXBuildFile section */
		0E1C69EE372B5B1FC3090AD1 /* Pods_StumpSlidesUITests.framework in Frameworks */ = {isa = PBXBuildFile; fileRef = 5BE95E882162D0056D9A5C35 /* Pods_StumpSlidesUITests.framework */; };
		6576B769DDE017D67658C193 /* Pods_StumpSlidesTests.framework in Frameworks */ = {isa = PBXBuildFile; fileRef = 555A0F92ECDB250605BFC517 /* Pods_StumpSlidesTests.framework */; };
		EE0A3D6828B3E7B400FA95C8 /* Cheetah menu bar blank tall.png in Resources */ = {isa = PBXBuildFile; fileRef = EE0A3D6728B3E7B400FA95C8 /* Cheetah menu bar blank tall.png */; };
		EE0A3D6A28B3E8AE00FA95C8 /* Cheetah window bar tall.png in Resources */ = {isa = PBXBuildFile; fileRef = EE0A3D6928B3E8AE00FA95C8 /* Cheetah window bar tall.png */; };
		EE20922026C8726700534278 /* TimerViewController.swift in Sources */ = {isa = PBXBuildFile; fileRef = EE20921F26C8726700534278 /* TimerViewController.swift */; };
		EE32E0D32357BDAF006D6827 /* PDFView+Extensions.swift in Sources */ = {isa = PBXBuildFile; fileRef = EE32E0D22357BDAF006D6827 /* PDFView+Extensions.swift */; };
		EE32E0D5235A5E06006D6827 /* PDFPageSynchronizer.swift in Sources */ = {isa = PBXBuildFile; fileRef = EE32E0D4235A5E06006D6827 /* PDFPageSynchronizer.swift */; };
		EE32E10F235E4940006D6827 /* LogMilestone.swift in Sources */ = {isa = PBXBuildFile; fileRef = EE32E10E235E4940006D6827 /* LogMilestone.swift */; };
		EE32E14D23625C48006D6827 /* UIView+Extensions.swift in Sources */ = {isa = PBXBuildFile; fileRef = EE32E14C23625C48006D6827 /* UIView+Extensions.swift */; };
		EE435EBF28A574EA009BF3EE /* orange-x-small.png in Resources */ = {isa = PBXBuildFile; fileRef = EE435EBE28A574EA009BF3EE /* orange-x-small.png */; };
		EE435EC228A57574009BF3EE /* cheeto-2.png in Resources */ = {isa = PBXBuildFile; fileRef = EE435EC028A57574009BF3EE /* cheeto-2.png */; };
		EE435EC328A57574009BF3EE /* cheeto-1.png in Resources */ = {isa = PBXBuildFile; fileRef = EE435EC128A57574009BF3EE /* cheeto-1.png */; };
		EE450F672698EEA200582A11 /* GoogleService-Info.plist in Resources */ = {isa = PBXBuildFile; fileRef = EE450F662698EEA200582A11 /* GoogleService-Info.plist */; };
		EE528C1E230CE74E00065971 /* dogcow.png in Resources */ = {isa = PBXBuildFile; fileRef = EE528C1D230CE74E00065971 /* dogcow.png */; };
		EE528C22230CE9DE00065971 /* 360iDev.png in Resources */ = {isa = PBXBuildFile; fileRef = EE528C21230CE9DE00065971 /* 360iDev.png */; };
		EE528C24230CEBEF00065971 /* apple-logo.png in Resources */ = {isa = PBXBuildFile; fileRef = EE528C23230CEBEF00065971 /* apple-logo.png */; };
		EE8F73E9289342700045A22C /* 10-0_10.1.png in Resources */ = {isa = PBXBuildFile; fileRef = EE8F73E8289342700045A22C /* 10-0_10.1.png */; };
		EE8F73ED289348220045A22C /* Cheetah window bar.png in Resources */ = {isa = PBXBuildFile; fileRef = EE8F73EC289348220045A22C /* Cheetah window bar.png */; };
		EE8F73F128934E120045A22C /* Cheetah menu bar.png in Resources */ = {isa = PBXBuildFile; fileRef = EE8F73F028934E120045A22C /* Cheetah menu bar.png */; };
		EE8F73F3289352520045A22C /* LucidaGrande.ttc in Resources */ = {isa = PBXBuildFile; fileRef = EE8F73F2289351030045A22C /* LucidaGrande.ttc */; };
		EE91F9FF230396F5003C716D /* AppDelegate.swift in Sources */ = {isa = PBXBuildFile; fileRef = EE91F9FE230396F5003C716D /* AppDelegate.swift */; };
		EE91FA01230396F5003C716D /* ViewController.swift in Sources */ = {isa = PBXBuildFile; fileRef = EE91FA00230396F5003C716D /* ViewController.swift */; };
		EE91FA04230396F5003C716D /* Main.storyboard in Resources */ = {isa = PBXBuildFile; fileRef = EE91FA02230396F5003C716D /* Main.storyboard */; };
		EE91FA06230396F6003C716D /* Assets.xcassets in Resources */ = {isa = PBXBuildFile; fileRef = EE91FA05230396F6003C716D /* Assets.xcassets */; };
		EE91FA09230396F6003C716D /* LaunchScreen.storyboard in Resources */ = {isa = PBXBuildFile; fileRef = EE91FA07230396F6003C716D /* LaunchScreen.storyboard */; };
		EE91FA14230396F6003C716D /* StumpSlidesTests.swift in Sources */ = {isa = PBXBuildFile; fileRef = EE91FA13230396F6003C716D /* StumpSlidesTests.swift */; };
		EE91FA1F230396F6003C716D /* StumpSlidesUITests.swift in Sources */ = {isa = PBXBuildFile; fileRef = EE91FA1E230396F6003C716D /* StumpSlidesUITests.swift */; };
		EE91FA2F23039B36003C716D /* StumpmojiWatcher.swift in Sources */ = {isa = PBXBuildFile; fileRef = EE91FA2E23039B36003C716D /* StumpmojiWatcher.swift */; };
		EE91FA3123039B65003C716D /* StumpmojiView.swift in Sources */ = {isa = PBXBuildFile; fileRef = EE91FA3023039B65003C716D /* StumpmojiView.swift */; };
		EE99C2712895E71E00090C85 /* stickies-background.png in Resources */ = {isa = PBXBuildFile; fileRef = EE99C2702895E71E00090C85 /* stickies-background.png */; };
		EE99C27328974EC900090C85 /* Cheetah menu bar blank.png in Resources */ = {isa = PBXBuildFile; fileRef = EE99C27228974EC900090C85 /* Cheetah menu bar blank.png */; };
		EE99C275289840E300090C85 /* Cheetah stripes.png in Resources */ = {isa = PBXBuildFile; fileRef = EE99C274289840E300090C85 /* Cheetah stripes.png */; };
		EE99C2822898841700090C85 /* spinning-beachball 8.png in Resources */ = {isa = PBXBuildFile; fileRef = EE99C2762898841600090C85 /* spinning-beachball 8.png */; };
		EE99C2832898841700090C85 /* spinning-beachball 11.png in Resources */ = {isa = PBXBuildFile; fileRef = EE99C2772898841700090C85 /* spinning-beachball 11.png */; };
		EE99C2842898841700090C85 /* spinning-beachball 6.png in Resources */ = {isa = PBXBuildFile; fileRef = EE99C2782898841700090C85 /* spinning-beachball 6.png */; };
		EE99C2852898841700090C85 /* spinning-beachball 2.png in Resources */ = {isa = PBXBuildFile; fileRef = EE99C2792898841700090C85 /* spinning-beachball 2.png */; };
		EE99C2862898841700090C85 /* spinning-beachball.png in Resources */ = {isa = PBXBuildFile; fileRef = EE99C27A2898841700090C85 /* spinning-beachball.png */; };
		EE99C2872898841700090C85 /* spinning-beachball 5.png in Resources */ = {isa = PBXBuildFile; fileRef = EE99C27B2898841700090C85 /* spinning-beachball 5.png */; };
		EE99C2882898841700090C85 /* spinning-beachball 7.png in Resources */ = {isa = PBXBuildFile; fileRef = EE99C27C2898841700090C85 /* spinning-beachball 7.png */; };
		EE99C2892898841700090C85 /* spinning-beachball 12.png in Resources */ = {isa = PBXBuildFile; fileRef = EE99C27D2898841700090C85 /* spinning-beachball 12.png */; };
		EE99C28A2898841700090C85 /* spinning-beachball 9.png in Resources */ = {isa = PBXBuildFile; fileRef = EE99C27E2898841700090C85 /* spinning-beachball 9.png */; };
		EE99C28B2898841700090C85 /* spinning-beachball 4.png in Resources */ = {isa = PBXBuildFile; fileRef = EE99C27F2898841700090C85 /* spinning-beachball 4.png */; };
		EE99C28C2898841700090C85 /* spinning-beachball 3.png in Resources */ = {isa = PBXBuildFile; fileRef = EE99C2802898841700090C85 /* spinning-beachball 3.png */; };
		EE99C28D2898841700090C85 /* spinning-beachball 10.png in Resources */ = {isa = PBXBuildFile; fileRef = EE99C2812898841700090C85 /* spinning-beachball 10.png */; };
		EE99C2992899C0D000090C85 /* Cheetah-Calculator.png in Resources */ = {isa = PBXBuildFile; fileRef = EE99C2982899C0D000090C85 /* Cheetah-Calculator.png */; };
		EED8D75426BDF3FE002DB0CC /* Thinking.mov in Resources */ = {isa = PBXBuildFile; fileRef = EED8D75326BDF3FE002DB0CC /* Thinking.mov */; };
		F0AEF79981F3A007E726054F /* Pods_StumpSlides.framework in Frameworks */ = {isa = PBXBuildFile; fileRef = 4648B48971FDC149487BDB5F /* Pods_StumpSlides.framework */; };
/* End PBXBuildFile section */

/* Begin PBXContainerItemProxy section */
		EE91FA10230396F6003C716D /* PBXContainerItemProxy */ = {
			isa = PBXContainerItemProxy;
			containerPortal = EE91F9F3230396F5003C716D /* Project object */;
			proxyType = 1;
			remoteGlobalIDString = EE91F9FA230396F5003C716D;
			remoteInfo = StumpSlides;
		};
		EE91FA1B230396F6003C716D /* PBXContainerItemProxy */ = {
			isa = PBXContainerItemProxy;
			containerPortal = EE91F9F3230396F5003C716D /* Project object */;
			proxyType = 1;
			remoteGlobalIDString = EE91F9FA230396F5003C716D;
			remoteInfo = StumpSlides;
		};
/* End PBXContainerItemProxy section */

/* Begin PBXFileReference section */
		06BF4FB790A81B3FDA5D1B35 /* Pods-StumpSlides.debug.xcconfig */ = {isa = PBXFileReference; includeInIndex = 1; lastKnownFileType = text.xcconfig; name = "Pods-StumpSlides.debug.xcconfig"; path = "Target Support Files/Pods-StumpSlides/Pods-StumpSlides.debug.xcconfig"; sourceTree = "<group>"; };
		16FFDBFE74E231AAC79A1753 /* Pods-StumpSlidesUITests.debug.xcconfig */ = {isa = PBXFileReference; includeInIndex = 1; lastKnownFileType = text.xcconfig; name = "Pods-StumpSlidesUITests.debug.xcconfig"; path = "Target Support Files/Pods-StumpSlidesUITests/Pods-StumpSlidesUITests.debug.xcconfig"; sourceTree = "<group>"; };
		4648B48971FDC149487BDB5F /* Pods_StumpSlides.framework */ = {isa = PBXFileReference; explicitFileType = wrapper.framework; includeInIndex = 0; path = Pods_StumpSlides.framework; sourceTree = BUILT_PRODUCTS_DIR; };
		555A0F92ECDB250605BFC517 /* Pods_StumpSlidesTests.framework */ = {isa = PBXFileReference; explicitFileType = wrapper.framework; includeInIndex = 0; path = Pods_StumpSlidesTests.framework; sourceTree = BUILT_PRODUCTS_DIR; };
		5BE95E882162D0056D9A5C35 /* Pods_StumpSlidesUITests.framework */ = {isa = PBXFileReference; explicitFileType = wrapper.framework; includeInIndex = 0; path = Pods_StumpSlidesUITests.framework; sourceTree = BUILT_PRODUCTS_DIR; };
		66C3FAE8058DB491B0A0277E /* Pods-StumpSlidesUITests.release.xcconfig */ = {isa = PBXFileReference; includeInIndex = 1; lastKnownFileType = text.xcconfig; name = "Pods-StumpSlidesUITests.release.xcconfig"; path = "Target Support Files/Pods-StumpSlidesUITests/Pods-StumpSlidesUITests.release.xcconfig"; sourceTree = "<group>"; };
		7BA0C9765B606F939FB3477B /* Pods-StumpSlidesTests.debug.xcconfig */ = {isa = PBXFileReference; includeInIndex = 1; lastKnownFileType = text.xcconfig; name = "Pods-StumpSlidesTests.debug.xcconfig"; path = "Target Support Files/Pods-StumpSlidesTests/Pods-StumpSlidesTests.debug.xcconfig"; sourceTree = "<group>"; };
		8CF3BC844D0B18AFE5C126C3 /* Pods-StumpSlidesTests.release.xcconfig */ = {isa = PBXFileReference; includeInIndex = 1; lastKnownFileType = text.xcconfig; name = "Pods-StumpSlidesTests.release.xcconfig"; path = "Target Support Files/Pods-StumpSlidesTests/Pods-StumpSlidesTests.release.xcconfig"; sourceTree = "<group>"; };
		C680DFF4C0AD6843C3C98C76 /* Pods-StumpSlides.release.xcconfig */ = {isa = PBXFileReference; includeInIndex = 1; lastKnownFileType = text.xcconfig; name = "Pods-StumpSlides.release.xcconfig"; path = "Target Support Files/Pods-StumpSlides/Pods-StumpSlides.release.xcconfig"; sourceTree = "<group>"; };
		EE0A3D6728B3E7B400FA95C8 /* Cheetah menu bar blank tall.png */ = {isa = PBXFileReference; lastKnownFileType = image.png; path = "Cheetah menu bar blank tall.png"; sourceTree = "<group>"; };
		EE0A3D6928B3E8AE00FA95C8 /* Cheetah window bar tall.png */ = {isa = PBXFileReference; lastKnownFileType = image.png; path = "Cheetah window bar tall.png"; sourceTree = "<group>"; };
		EE20921F26C8726700534278 /* TimerViewController.swift */ = {isa = PBXFileReference; lastKnownFileType = sourcecode.swift; path = TimerViewController.swift; sourceTree = "<group>"; };
		EE322DC52695415400003DD3 /* StumpSlides.entitlements */ = {isa = PBXFileReference; lastKnownFileType = text.plist.entitlements; path = StumpSlides.entitlements; sourceTree = "<group>"; };
		EE32E0D22357BDAF006D6827 /* PDFView+Extensions.swift */ = {isa = PBXFileReference; lastKnownFileType = sourcecode.swift; path = "PDFView+Extensions.swift"; sourceTree = "<group>"; };
		EE32E0D4235A5E06006D6827 /* PDFPageSynchronizer.swift */ = {isa = PBXFileReference; lastKnownFileType = sourcecode.swift; path = PDFPageSynchronizer.swift; sourceTree = "<group>"; };
		EE32E10E235E4940006D6827 /* LogMilestone.swift */ = {isa = PBXFileReference; lastKnownFileType = sourcecode.swift; path = LogMilestone.swift; sourceTree = "<group>"; };
		EE32E14C23625C48006D6827 /* UIView+Extensions.swift */ = {isa = PBXFileReference; lastKnownFileType = sourcecode.swift; path = "UIView+Extensions.swift"; sourceTree = "<group>"; };
		EE32E14E23625D3E006D6827 /* README.md */ = {isa = PBXFileReference; lastKnownFileType = net.daringfireball.markdown; path = README.md; sourceTree = "<group>"; };
		EE435EBE28A574EA009BF3EE /* orange-x-small.png */ = {isa = PBXFileReference; lastKnownFileType = image.png; path = "orange-x-small.png"; sourceTree = "<group>"; };
		EE435EC028A57574009BF3EE /* cheeto-2.png */ = {isa = PBXFileReference; lastKnownFileType = image.png; path = "cheeto-2.png"; sourceTree = "<group>"; };
		EE435EC128A57574009BF3EE /* cheeto-1.png */ = {isa = PBXFileReference; lastKnownFileType = image.png; path = "cheeto-1.png"; sourceTree = "<group>"; };
		EE450F662698EEA200582A11 /* GoogleService-Info.plist */ = {isa = PBXFileReference; fileEncoding = 4; lastKnownFileType = text.plist.xml; path = "GoogleService-Info.plist"; sourceTree = "<group>"; };
		EE528C1D230CE74E00065971 /* dogcow.png */ = {isa = PBXFileReference; lastKnownFileType = image.png; path = dogcow.png; sourceTree = "<group>"; };
		EE528C21230CE9DE00065971 /* 360iDev.png */ = {isa = PBXFileReference; lastKnownFileType = image.png; path = 360iDev.png; sourceTree = "<group>"; };
		EE528C23230CEBEF00065971 /* apple-logo.png */ = {isa = PBXFileReference; lastKnownFileType = image.png; path = "apple-logo.png"; sourceTree = "<group>"; };
		EE8F73E8289342700045A22C /* 10-0_10.1.png */ = {isa = PBXFileReference; lastKnownFileType = image.png; path = "10-0_10.1.png"; sourceTree = "<group>"; };
		EE8F73EC289348220045A22C /* Cheetah window bar.png */ = {isa = PBXFileReference; lastKnownFileType = image.png; path = "Cheetah window bar.png"; sourceTree = "<group>"; };
		EE8F73F028934E120045A22C /* Cheetah menu bar.png */ = {isa = PBXFileReference; lastKnownFileType = image.png; path = "Cheetah menu bar.png"; sourceTree = "<group>"; };
		EE8F73F2289351030045A22C /* LucidaGrande.ttc */ = {isa = PBXFileReference; lastKnownFileType = file; path = LucidaGrande.ttc; sourceTree = "<group>"; };
		EE91F9FB230396F5003C716D /* StumpSlides.app */ = {isa = PBXFileReference; explicitFileType = wrapper.application; includeInIndex = 0; path = StumpSlides.app; sourceTree = BUILT_PRODUCTS_DIR; };
		EE91F9FE230396F5003C716D /* AppDelegate.swift */ = {isa = PBXFileReference; lastKnownFileType = sourcecode.swift; path = AppDelegate.swift; sourceTree = "<group>"; };
		EE91FA00230396F5003C716D /* ViewController.swift */ = {isa = PBXFileReference; lastKnownFileType = sourcecode.swift; path = ViewController.swift; sourceTree = "<group>"; };
		EE91FA03230396F5003C716D /* Base */ = {isa = PBXFileReference; lastKnownFileType = file.storyboard; name = Base; path = Base.lproj/Main.storyboard; sourceTree = "<group>"; };
		EE91FA05230396F6003C716D /* Assets.xcassets */ = {isa = PBXFileReference; lastKnownFileType = folder.assetcatalog; path = Assets.xcassets; sourceTree = "<group>"; };
		EE91FA08230396F6003C716D /* Base */ = {isa = PBXFileReference; lastKnownFileType = file.storyboard; name = Base; path = Base.lproj/LaunchScreen.storyboard; sourceTree = "<group>"; };
		EE91FA0A230396F6003C716D /* Info.plist */ = {isa = PBXFileReference; lastKnownFileType = text.plist.xml; path = Info.plist; sourceTree = "<group>"; };
		EE91FA0F230396F6003C716D /* StumpSlidesTests.xctest */ = {isa = PBXFileReference; explicitFileType = wrapper.cfbundle; includeInIndex = 0; path = StumpSlidesTests.xctest; sourceTree = BUILT_PRODUCTS_DIR; };
		EE91FA13230396F6003C716D /* StumpSlidesTests.swift */ = {isa = PBXFileReference; lastKnownFileType = sourcecode.swift; path = StumpSlidesTests.swift; sourceTree = "<group>"; };
		EE91FA15230396F6003C716D /* Info.plist */ = {isa = PBXFileReference; lastKnownFileType = text.plist.xml; path = Info.plist; sourceTree = "<group>"; };
		EE91FA1A230396F6003C716D /* StumpSlidesUITests.xctest */ = {isa = PBXFileReference; explicitFileType = wrapper.cfbundle; includeInIndex = 0; path = StumpSlidesUITests.xctest; sourceTree = BUILT_PRODUCTS_DIR; };
		EE91FA1E230396F6003C716D /* StumpSlidesUITests.swift */ = {isa = PBXFileReference; lastKnownFileType = sourcecode.swift; path = StumpSlidesUITests.swift; sourceTree = "<group>"; };
		EE91FA20230396F6003C716D /* Info.plist */ = {isa = PBXFileReference; lastKnownFileType = text.plist.xml; path = Info.plist; sourceTree = "<group>"; };
		EE91FA2E23039B36003C716D /* StumpmojiWatcher.swift */ = {isa = PBXFileReference; fileEncoding = 4; lastKnownFileType = sourcecode.swift; path = StumpmojiWatcher.swift; sourceTree = "<group>"; };
		EE91FA3023039B65003C716D /* StumpmojiView.swift */ = {isa = PBXFileReference; fileEncoding = 4; lastKnownFileType = sourcecode.swift; path = StumpmojiView.swift; sourceTree = "<group>"; };
		EE99C2702895E71E00090C85 /* stickies-background.png */ = {isa = PBXFileReference; lastKnownFileType = image.png; path = "stickies-background.png"; sourceTree = "<group>"; };
		EE99C27228974EC900090C85 /* Cheetah menu bar blank.png */ = {isa = PBXFileReference; lastKnownFileType = image.png; path = "Cheetah menu bar blank.png"; sourceTree = "<group>"; };
		EE99C274289840E300090C85 /* Cheetah stripes.png */ = {isa = PBXFileReference; lastKnownFileType = image.png; path = "Cheetah stripes.png"; sourceTree = "<group>"; };
		EE99C2762898841600090C85 /* spinning-beachball 8.png */ = {isa = PBXFileReference; lastKnownFileType = image.png; path = "spinning-beachball 8.png"; sourceTree = "<group>"; };
		EE99C2772898841700090C85 /* spinning-beachball 11.png */ = {isa = PBXFileReference; lastKnownFileType = image.png; path = "spinning-beachball 11.png"; sourceTree = "<group>"; };
		EE99C2782898841700090C85 /* spinning-beachball 6.png */ = {isa = PBXFileReference; lastKnownFileType = image.png; path = "spinning-beachball 6.png"; sourceTree = "<group>"; };
		EE99C2792898841700090C85 /* spinning-beachball 2.png */ = {isa = PBXFileReference; lastKnownFileType = image.png; path = "spinning-beachball 2.png"; sourceTree = "<group>"; };
		EE99C27A2898841700090C85 /* spinning-beachball.png */ = {isa = PBXFileReference; lastKnownFileType = image.png; path = "spinning-beachball.png"; sourceTree = "<group>"; };
		EE99C27B2898841700090C85 /* spinning-beachball 5.png */ = {isa = PBXFileReference; lastKnownFileType = image.png; path = "spinning-beachball 5.png"; sourceTree = "<group>"; };
		EE99C27C2898841700090C85 /* spinning-beachball 7.png */ = {isa = PBXFileReference; lastKnownFileType = image.png; path = "spinning-beachball 7.png"; sourceTree = "<group>"; };
		EE99C27D2898841700090C85 /* spinning-beachball 12.png */ = {isa = PBXFileReference; lastKnownFileType = image.png; path = "spinning-beachball 12.png"; sourceTree = "<group>"; };
		EE99C27E2898841700090C85 /* spinning-beachball 9.png */ = {isa = PBXFileReference; lastKnownFileType = image.png; path = "spinning-beachball 9.png"; sourceTree = "<group>"; };
		EE99C27F2898841700090C85 /* spinning-beachball 4.png */ = {isa = PBXFileReference; lastKnownFileType = image.png; path = "spinning-beachball 4.png"; sourceTree = "<group>"; };
		EE99C2802898841700090C85 /* spinning-beachball 3.png */ = {isa = PBXFileReference; lastKnownFileType = image.png; path = "spinning-beachball 3.png"; sourceTree = "<group>"; };
		EE99C2812898841700090C85 /* spinning-beachball 10.png */ = {isa = PBXFileReference; lastKnownFileType = image.png; path = "spinning-beachball 10.png"; sourceTree = "<group>"; };
		EE99C2982899C0D000090C85 /* Cheetah-Calculator.png */ = {isa = PBXFileReference; lastKnownFileType = image.png; path = "Cheetah-Calculator.png"; sourceTree = "<group>"; };
		EED8D75326BDF3FE002DB0CC /* Thinking.mov */ = {isa = PBXFileReference; lastKnownFileType = video.quicktime; path = Thinking.mov; sourceTree = "<group>"; };
/* End PBXFileReference section */

/* Begin PBXFrameworksBuildPhase section */
		EE91F9F8230396F5003C716D /* Frameworks */ = {
			isa = PBXFrameworksBuildPhase;
			buildActionMask = 2147483647;
			files = (
				F0AEF79981F3A007E726054F /* Pods_StumpSlides.framework in Frameworks */,
			);
			runOnlyForDeploymentPostprocessing = 0;
		};
		EE91FA0C230396F6003C716D /* Frameworks */ = {
			isa = PBXFrameworksBuildPhase;
			buildActionMask = 2147483647;
			files = (
				6576B769DDE017D67658C193 /* Pods_StumpSlidesTests.framework in Frameworks */,
			);
			runOnlyForDeploymentPostprocessing = 0;
		};
		EE91FA17230396F6003C716D /* Frameworks */ = {
			isa = PBXFrameworksBuildPhase;
			buildActionMask = 2147483647;
			files = (
				0E1C69EE372B5B1FC3090AD1 /* Pods_StumpSlidesUITests.framework in Frameworks */,
			);
			runOnlyForDeploymentPostprocessing = 0;
		};
/* End PBXFrameworksBuildPhase section */

/* Begin PBXGroup section */
		6C3F5BD154DBD459D30FEF76 /* Frameworks */ = {
			isa = PBXGroup;
			children = (
				4648B48971FDC149487BDB5F /* Pods_StumpSlides.framework */,
				555A0F92ECDB250605BFC517 /* Pods_StumpSlidesTests.framework */,
				5BE95E882162D0056D9A5C35 /* Pods_StumpSlidesUITests.framework */,
			);
			name = Frameworks;
			sourceTree = "<group>";
		};
		879074B3359F8BA590DD44F6 /* Pods */ = {
			isa = PBXGroup;
			children = (
				06BF4FB790A81B3FDA5D1B35 /* Pods-StumpSlides.debug.xcconfig */,
				C680DFF4C0AD6843C3C98C76 /* Pods-StumpSlides.release.xcconfig */,
				7BA0C9765B606F939FB3477B /* Pods-StumpSlidesTests.debug.xcconfig */,
				8CF3BC844D0B18AFE5C126C3 /* Pods-StumpSlidesTests.release.xcconfig */,
				16FFDBFE74E231AAC79A1753 /* Pods-StumpSlidesUITests.debug.xcconfig */,
				66C3FAE8058DB491B0A0277E /* Pods-StumpSlidesUITests.release.xcconfig */,
			);
			path = Pods;
			sourceTree = "<group>";
		};
		EE91F9F2230396F5003C716D = {
			isa = PBXGroup;
			children = (
				EE32E14E23625D3E006D6827 /* README.md */,
				EE91F9FD230396F5003C716D /* StumpSlides */,
				EE91FA12230396F6003C716D /* StumpSlidesTests */,
				EE91FA1D230396F6003C716D /* StumpSlidesUITests */,
				EE91F9FC230396F5003C716D /* Products */,
				879074B3359F8BA590DD44F6 /* Pods */,
				6C3F5BD154DBD459D30FEF76 /* Frameworks */,
			);
			sourceTree = "<group>";
		};
		EE91F9FC230396F5003C716D /* Products */ = {
			isa = PBXGroup;
			children = (
				EE91F9FB230396F5003C716D /* StumpSlides.app */,
				EE91FA0F230396F6003C716D /* StumpSlidesTests.xctest */,
				EE91FA1A230396F6003C716D /* StumpSlidesUITests.xctest */,
			);
			name = Products;
			sourceTree = "<group>";
		};
		EE91F9FD230396F5003C716D /* StumpSlides */ = {
			isa = PBXGroup;
			children = (
				EE322DC52695415400003DD3 /* StumpSlides.entitlements */,
				EE91F9FE230396F5003C716D /* AppDelegate.swift */,
				EE91FA00230396F5003C716D /* ViewController.swift */,
				EE32E10E235E4940006D6827 /* LogMilestone.swift */,
				EE32E0D4235A5E06006D6827 /* PDFPageSynchronizer.swift */,
				EE91FA2E23039B36003C716D /* StumpmojiWatcher.swift */,
				EE91FA3023039B65003C716D /* StumpmojiView.swift */,
				EE528C1D230CE74E00065971 /* dogcow.png */,
				EE528C21230CE9DE00065971 /* 360iDev.png */,
				EE528C23230CEBEF00065971 /* apple-logo.png */,
				EED8D75326BDF3FE002DB0CC /* Thinking.mov */,
				EE8F73E8289342700045A22C /* 10-0_10.1.png */,
				EE8F73EC289348220045A22C /* Cheetah window bar.png */,
				EE0A3D6928B3E8AE00FA95C8 /* Cheetah window bar tall.png */,
				EE8F73F028934E120045A22C /* Cheetah menu bar.png */,
				EE99C27228974EC900090C85 /* Cheetah menu bar blank.png */,
				EE0A3D6728B3E7B400FA95C8 /* Cheetah menu bar blank tall.png */,
				EE99C274289840E300090C85 /* Cheetah stripes.png */,
				EE99C2982899C0D000090C85 /* Cheetah-Calculator.png */,
				EE435EBE28A574EA009BF3EE /* orange-x-small.png */,
				EE435EC128A57574009BF3EE /* cheeto-1.png */,
				EE435EC028A57574009BF3EE /* cheeto-2.png */,
				EE99C2702895E71E00090C85 /* stickies-background.png */,
				EE99C2792898841700090C85 /* spinning-beachball 2.png */,
				EE99C2802898841700090C85 /* spinning-beachball 3.png */,
				EE99C27F2898841700090C85 /* spinning-beachball 4.png */,
				EE99C27B2898841700090C85 /* spinning-beachball 5.png */,
				EE99C2782898841700090C85 /* spinning-beachball 6.png */,
				EE99C27C2898841700090C85 /* spinning-beachball 7.png */,
				EE99C2762898841600090C85 /* spinning-beachball 8.png */,
				EE99C27E2898841700090C85 /* spinning-beachball 9.png */,
				EE99C2812898841700090C85 /* spinning-beachball 10.png */,
				EE99C2772898841700090C85 /* spinning-beachball 11.png */,
				EE99C27D2898841700090C85 /* spinning-beachball 12.png */,
				EE99C27A2898841700090C85 /* spinning-beachball.png */,
				EE91FA02230396F5003C716D /* Main.storyboard */,
				EE20921F26C8726700534278 /* TimerViewController.swift */,
				EE91FA05230396F6003C716D /* Assets.xcassets */,
				EE91FA07230396F6003C716D /* LaunchScreen.storyboard */,
				EE91FA0A230396F6003C716D /* Info.plist */,
				EE450F662698EEA200582A11 /* GoogleService-Info.plist */,
				EE32E0D22357BDAF006D6827 /* PDFView+Extensions.swift */,
				EE32E14C23625C48006D6827 /* UIView+Extensions.swift */,
				EE8F73F2289351030045A22C /* LucidaGrande.ttc */,
			);
			path = StumpSlides;
			sourceTree = "<group>";
		};
		EE91FA12230396F6003C716D /* StumpSlidesTests */ = {
			isa = PBXGroup;
			children = (
				EE91FA13230396F6003C716D /* StumpSlidesTests.swift */,
				EE91FA15230396F6003C716D /* Info.plist */,
			);
			path = StumpSlidesTests;
			sourceTree = "<group>";
		};
		EE91FA1D230396F6003C716D /* StumpSlidesUITests */ = {
			isa = PBXGroup;
			children = (
				EE91FA1E230396F6003C716D /* StumpSlidesUITests.swift */,
				EE91FA20230396F6003C716D /* Info.plist */,
			);
			path = StumpSlidesUITests;
			sourceTree = "<group>";
		};
/* End PBXGroup section */

/* Begin PBXNativeTarget section */
		EE91F9FA230396F5003C716D /* StumpSlides */ = {
			isa = PBXNativeTarget;
			buildConfigurationList = EE91FA23230396F6003C716D /* Build configuration list for PBXNativeTarget "StumpSlides" */;
			buildPhases = (
				66CBF14108A520D38E791D77 /* [CP] Check Pods Manifest.lock */,
				EE91F9F7230396F5003C716D /* Sources */,
				EE91F9F8230396F5003C716D /* Frameworks */,
				EE91F9F9230396F5003C716D /* Resources */,
				410374DBBA8D79F5DBE728CE /* [CP] Embed Pods Frameworks */,
			);
			buildRules = (
			);
			dependencies = (
			);
			name = StumpSlides;
			productName = StumpSlides;
			productReference = EE91F9FB230396F5003C716D /* StumpSlides.app */;
			productType = "com.apple.product-type.application";
		};
		EE91FA0E230396F6003C716D /* StumpSlidesTests */ = {
			isa = PBXNativeTarget;
			buildConfigurationList = EE91FA26230396F6003C716D /* Build configuration list for PBXNativeTarget "StumpSlidesTests" */;
			buildPhases = (
				94326DB0A1F1FC2192A5A636 /* [CP] Check Pods Manifest.lock */,
				EE91FA0B230396F6003C716D /* Sources */,
				EE91FA0C230396F6003C716D /* Frameworks */,
				EE91FA0D230396F6003C716D /* Resources */,
			);
			buildRules = (
			);
			dependencies = (
				EE91FA11230396F6003C716D /* PBXTargetDependency */,
			);
			name = StumpSlidesTests;
			productName = StumpSlidesTests;
			productReference = EE91FA0F230396F6003C716D /* StumpSlidesTests.xctest */;
			productType = "com.apple.product-type.bundle.unit-test";
		};
		EE91FA19230396F6003C716D /* StumpSlidesUITests */ = {
			isa = PBXNativeTarget;
			buildConfigurationList = EE91FA29230396F6003C716D /* Build configuration list for PBXNativeTarget "StumpSlidesUITests" */;
			buildPhases = (
				EA7D152688600E4ED9C5C6EA /* [CP] Check Pods Manifest.lock */,
				EE91FA16230396F6003C716D /* Sources */,
				EE91FA17230396F6003C716D /* Frameworks */,
				EE91FA18230396F6003C716D /* Resources */,
			);
			buildRules = (
			);
			dependencies = (
				EE91FA1C230396F6003C716D /* PBXTargetDependency */,
			);
			name = StumpSlidesUITests;
			productName = StumpSlidesUITests;
			productReference = EE91FA1A230396F6003C716D /* StumpSlidesUITests.xctest */;
			productType = "com.apple.product-type.bundle.ui-testing";
		};
/* End PBXNativeTarget section */

/* Begin PBXProject section */
		EE91F9F3230396F5003C716D /* Project object */ = {
			isa = PBXProject;
			attributes = {
				LastSwiftUpdateCheck = 1020;
				LastUpgradeCheck = 1250;
				ORGANIZATIONNAME = "Atomic Bird LLC";
				TargetAttributes = {
					EE91F9FA230396F5003C716D = {
						CreatedOnToolsVersion = 10.2;
					};
					EE91FA0E230396F6003C716D = {
						CreatedOnToolsVersion = 10.2;
						TestTargetID = EE91F9FA230396F5003C716D;
					};
					EE91FA19230396F6003C716D = {
						CreatedOnToolsVersion = 10.2;
						TestTargetID = EE91F9FA230396F5003C716D;
					};
				};
			};
			buildConfigurationList = EE91F9F6230396F5003C716D /* Build configuration list for PBXProject "StumpSlides" */;
			compatibilityVersion = "Xcode 9.3";
			developmentRegion = en;
			hasScannedForEncodings = 0;
			knownRegions = (
				en,
				Base,
			);
			mainGroup = EE91F9F2230396F5003C716D;
			productRefGroup = EE91F9FC230396F5003C716D /* Products */;
			projectDirPath = "";
			projectRoot = "";
			targets = (
				EE91F9FA230396F5003C716D /* StumpSlides */,
				EE91FA0E230396F6003C716D /* StumpSlidesTests */,
				EE91FA19230396F6003C716D /* StumpSlidesUITests */,
			);
		};
/* End PBXProject section */

/* Begin PBXResourcesBuildPhase section */
		EE91F9F9230396F5003C716D /* Resources */ = {
			isa = PBXResourcesBuildPhase;
			buildActionMask = 2147483647;
			files = (
				EE99C2892898841700090C85 /* spinning-beachball 12.png in Resources */,
				EE528C1E230CE74E00065971 /* dogcow.png in Resources */,
				EE435EC328A57574009BF3EE /* cheeto-1.png in Resources */,
				EE0A3D6828B3E7B400FA95C8 /* Cheetah menu bar blank tall.png in Resources */,
				EE91FA09230396F6003C716D /* LaunchScreen.storyboard in Resources */,
				EE99C275289840E300090C85 /* Cheetah stripes.png in Resources */,
				EE8F73ED289348220045A22C /* Cheetah window bar.png in Resources */,
				EE91FA06230396F6003C716D /* Assets.xcassets in Resources */,
				EE99C28D2898841700090C85 /* spinning-beachball 10.png in Resources */,
				EE99C28B2898841700090C85 /* spinning-beachball 4.png in Resources */,
				EE8F73E9289342700045A22C /* 10-0_10.1.png in Resources */,
				EE99C2852898841700090C85 /* spinning-beachball 2.png in Resources */,
				EE99C2992899C0D000090C85 /* Cheetah-Calculator.png in Resources */,
				EE528C22230CE9DE00065971 /* 360iDev.png in Resources */,
				EE99C2842898841700090C85 /* spinning-beachball 6.png in Resources */,
				EE99C2862898841700090C85 /* spinning-beachball.png in Resources */,
				EE528C24230CEBEF00065971 /* apple-logo.png in Resources */,
				EE91FA04230396F5003C716D /* Main.storyboard in Resources */,
				EE435EC228A57574009BF3EE /* cheeto-2.png in Resources */,
				EE99C2822898841700090C85 /* spinning-beachball 8.png in Resources */,
				EE450F672698EEA200582A11 /* GoogleService-Info.plist in Resources */,
				EE99C28C2898841700090C85 /* spinning-beachball 3.png in Resources */,
				EE435EBF28A574EA009BF3EE /* orange-x-small.png in Resources */,
				EE99C27328974EC900090C85 /* Cheetah menu bar blank.png in Resources */,
				EE99C2712895E71E00090C85 /* stickies-background.png in Resources */,
				EED8D75426BDF3FE002DB0CC /* Thinking.mov in Resources */,
				EE99C2832898841700090C85 /* spinning-beachball 11.png in Resources */,
				EE8F73F3289352520045A22C /* LucidaGrande.ttc in Resources */,
				EE99C28A2898841700090C85 /* spinning-beachball 9.png in Resources */,
				EE8F73F128934E120045A22C /* Cheetah menu bar.png in Resources */,
				EE99C2882898841700090C85 /* spinning-beachball 7.png in Resources */,
				EE0A3D6A28B3E8AE00FA95C8 /* Cheetah window bar tall.png in Resources */,
				EE99C2872898841700090C85 /* spinning-beachball 5.png in Resources */,
			);
			runOnlyForDeploymentPostprocessing = 0;
		};
		EE91FA0D230396F6003C716D /* Resources */ = {
			isa = PBXResourcesBuildPhase;
			buildActionMask = 2147483647;
			files = (
			);
			runOnlyForDeploymentPostprocessing = 0;
		};
		EE91FA18230396F6003C716D /* Resources */ = {
			isa = PBXResourcesBuildPhase;
			buildActionMask = 2147483647;
			files = (
			);
			runOnlyForDeploymentPostprocessing = 0;
		};
/* End PBXResourcesBuildPhase section */

/* Begin PBXShellScriptBuildPhase section */
		410374DBBA8D79F5DBE728CE /* [CP] Embed Pods Frameworks */ = {
			isa = PBXShellScriptBuildPhase;
			buildActionMask = 2147483647;
			files = (
			);
			inputFileListPaths = (
				"${PODS_ROOT}/Target Support Files/Pods-StumpSlides/Pods-StumpSlides-frameworks-${CONFIGURATION}-input-files.xcfilelist",
			);
			name = "[CP] Embed Pods Frameworks";
			outputFileListPaths = (
				"${PODS_ROOT}/Target Support Files/Pods-StumpSlides/Pods-StumpSlides-frameworks-${CONFIGURATION}-output-files.xcfilelist",
			);
			runOnlyForDeploymentPostprocessing = 0;
			shellPath = /bin/sh;
			shellScript = "\"${PODS_ROOT}/Target Support Files/Pods-StumpSlides/Pods-StumpSlides-frameworks.sh\"\n";
			showEnvVarsInLog = 0;
		};
		66CBF14108A520D38E791D77 /* [CP] Check Pods Manifest.lock */ = {
			isa = PBXShellScriptBuildPhase;
			buildActionMask = 2147483647;
			files = (
			);
			inputFileListPaths = (
			);
			inputPaths = (
				"${PODS_PODFILE_DIR_PATH}/Podfile.lock",
				"${PODS_ROOT}/Manifest.lock",
			);
			name = "[CP] Check Pods Manifest.lock";
			outputFileListPaths = (
			);
			outputPaths = (
				"$(DERIVED_FILE_DIR)/Pods-StumpSlides-checkManifestLockResult.txt",
			);
			runOnlyForDeploymentPostprocessing = 0;
			shellPath = /bin/sh;
			shellScript = "diff \"${PODS_PODFILE_DIR_PATH}/Podfile.lock\" \"${PODS_ROOT}/Manifest.lock\" > /dev/null\nif [ $? != 0 ] ; then\n    # print error to STDERR\n    echo \"error: The sandbox is not in sync with the Podfile.lock. Run 'pod install' or update your CocoaPods installation.\" >&2\n    exit 1\nfi\n# This output is used by Xcode 'outputs' to avoid re-running this script phase.\necho \"SUCCESS\" > \"${SCRIPT_OUTPUT_FILE_0}\"\n";
			showEnvVarsInLog = 0;
		};
		94326DB0A1F1FC2192A5A636 /* [CP] Check Pods Manifest.lock */ = {
			isa = PBXShellScriptBuildPhase;
			buildActionMask = 2147483647;
			files = (
			);
			inputFileListPaths = (
			);
			inputPaths = (
				"${PODS_PODFILE_DIR_PATH}/Podfile.lock",
				"${PODS_ROOT}/Manifest.lock",
			);
			name = "[CP] Check Pods Manifest.lock";
			outputFileListPaths = (
			);
			outputPaths = (
				"$(DERIVED_FILE_DIR)/Pods-StumpSlidesTests-checkManifestLockResult.txt",
			);
			runOnlyForDeploymentPostprocessing = 0;
			shellPath = /bin/sh;
			shellScript = "diff \"${PODS_PODFILE_DIR_PATH}/Podfile.lock\" \"${PODS_ROOT}/Manifest.lock\" > /dev/null\nif [ $? != 0 ] ; then\n    # print error to STDERR\n    echo \"error: The sandbox is not in sync with the Podfile.lock. Run 'pod install' or update your CocoaPods installation.\" >&2\n    exit 1\nfi\n# This output is used by Xcode 'outputs' to avoid re-running this script phase.\necho \"SUCCESS\" > \"${SCRIPT_OUTPUT_FILE_0}\"\n";
			showEnvVarsInLog = 0;
		};
		EA7D152688600E4ED9C5C6EA /* [CP] Check Pods Manifest.lock */ = {
			isa = PBXShellScriptBuildPhase;
			buildActionMask = 2147483647;
			files = (
			);
			inputFileListPaths = (
			);
			inputPaths = (
				"${PODS_PODFILE_DIR_PATH}/Podfile.lock",
				"${PODS_ROOT}/Manifest.lock",
			);
			name = "[CP] Check Pods Manifest.lock";
			outputFileListPaths = (
			);
			outputPaths = (
				"$(DERIVED_FILE_DIR)/Pods-StumpSlidesUITests-checkManifestLockResult.txt",
			);
			runOnlyForDeploymentPostprocessing = 0;
			shellPath = /bin/sh;
			shellScript = "diff \"${PODS_PODFILE_DIR_PATH}/Podfile.lock\" \"${PODS_ROOT}/Manifest.lock\" > /dev/null\nif [ $? != 0 ] ; then\n    # print error to STDERR\n    echo \"error: The sandbox is not in sync with the Podfile.lock. Run 'pod install' or update your CocoaPods installation.\" >&2\n    exit 1\nfi\n# This output is used by Xcode 'outputs' to avoid re-running this script phase.\necho \"SUCCESS\" > \"${SCRIPT_OUTPUT_FILE_0}\"\n";
			showEnvVarsInLog = 0;
		};
/* End PBXShellScriptBuildPhase section */

/* Begin PBXSourcesBuildPhase section */
		EE91F9F7230396F5003C716D /* Sources */ = {
			isa = PBXSourcesBuildPhase;
			buildActionMask = 2147483647;
			files = (
				EE20922026C8726700534278 /* TimerViewController.swift in Sources */,
				EE91FA01230396F5003C716D /* ViewController.swift in Sources */,
				EE91FA2F23039B36003C716D /* StumpmojiWatcher.swift in Sources */,
				EE32E10F235E4940006D6827 /* LogMilestone.swift in Sources */,
				EE91FA3123039B65003C716D /* StumpmojiView.swift in Sources */,
				EE32E0D5235A5E06006D6827 /* PDFPageSynchronizer.swift in Sources */,
				EE32E0D32357BDAF006D6827 /* PDFView+Extensions.swift in Sources */,
				EE32E14D23625C48006D6827 /* UIView+Extensions.swift in Sources */,
				EE91F9FF230396F5003C716D /* AppDelegate.swift in Sources */,
			);
			runOnlyForDeploymentPostprocessing = 0;
		};
		EE91FA0B230396F6003C716D /* Sources */ = {
			isa = PBXSourcesBuildPhase;
			buildActionMask = 2147483647;
			files = (
				EE91FA14230396F6003C716D /* StumpSlidesTests.swift in Sources */,
			);
			runOnlyForDeploymentPostprocessing = 0;
		};
		EE91FA16230396F6003C716D /* Sources */ = {
			isa = PBXSourcesBuildPhase;
			buildActionMask = 2147483647;
			files = (
				EE91FA1F230396F6003C716D /* StumpSlidesUITests.swift in Sources */,
			);
			runOnlyForDeploymentPostprocessing = 0;
		};
/* End PBXSourcesBuildPhase section */

/* Begin PBXTargetDependency section */
		EE91FA11230396F6003C716D /* PBXTargetDependency */ = {
			isa = PBXTargetDependency;
			target = EE91F9FA230396F5003C716D /* StumpSlides */;
			targetProxy = EE91FA10230396F6003C716D /* PBXContainerItemProxy */;
		};
		EE91FA1C230396F6003C716D /* PBXTargetDependency */ = {
			isa = PBXTargetDependency;
			target = EE91F9FA230396F5003C716D /* StumpSlides */;
			targetProxy = EE91FA1B230396F6003C716D /* PBXContainerItemProxy */;
		};
/* End PBXTargetDependency section */

/* Begin PBXVariantGroup section */
		EE91FA02230396F5003C716D /* Main.storyboard */ = {
			isa = PBXVariantGroup;
			children = (
				EE91FA03230396F5003C716D /* Base */,
			);
			name = Main.storyboard;
			sourceTree = "<group>";
		};
		EE91FA07230396F6003C716D /* LaunchScreen.storyboard */ = {
			isa = PBXVariantGroup;
			children = (
				EE91FA08230396F6003C716D /* Base */,
			);
			name = LaunchScreen.storyboard;
			sourceTree = "<group>";
		};
/* End PBXVariantGroup section */

/* Begin XCBuildConfiguration section */
		EE91FA21230396F6003C716D /* Debug */ = {
			isa = XCBuildConfiguration;
			buildSettings = {
				ALWAYS_SEARCH_USER_PATHS = NO;
				CLANG_ANALYZER_NONNULL = YES;
				CLANG_ANALYZER_NUMBER_OBJECT_CONVERSION = YES_AGGRESSIVE;
				CLANG_CXX_LANGUAGE_STANDARD = "gnu++14";
				CLANG_CXX_LIBRARY = "libc++";
				CLANG_ENABLE_MODULES = YES;
				CLANG_ENABLE_OBJC_ARC = YES;
				CLANG_ENABLE_OBJC_WEAK = YES;
				CLANG_WARN_BLOCK_CAPTURE_AUTORELEASING = YES;
				CLANG_WARN_BOOL_CONVERSION = YES;
				CLANG_WARN_COMMA = YES;
				CLANG_WARN_CONSTANT_CONVERSION = YES;
				CLANG_WARN_DEPRECATED_OBJC_IMPLEMENTATIONS = YES;
				CLANG_WARN_DIRECT_OBJC_ISA_USAGE = YES_ERROR;
				CLANG_WARN_DOCUMENTATION_COMMENTS = YES;
				CLANG_WARN_EMPTY_BODY = YES;
				CLANG_WARN_ENUM_CONVERSION = YES;
				CLANG_WARN_INFINITE_RECURSION = YES;
				CLANG_WARN_INT_CONVERSION = YES;
				CLANG_WARN_NON_LITERAL_NULL_CONVERSION = YES;
				CLANG_WARN_OBJC_IMPLICIT_RETAIN_SELF = YES;
				CLANG_WARN_OBJC_LITERAL_CONVERSION = YES;
				CLANG_WARN_OBJC_ROOT_CLASS = YES_ERROR;
				CLANG_WARN_QUOTED_INCLUDE_IN_FRAMEWORK_HEADER = YES;
				CLANG_WARN_RANGE_LOOP_ANALYSIS = YES;
				CLANG_WARN_STRICT_PROTOTYPES = YES;
				CLANG_WARN_SUSPICIOUS_MOVE = YES;
				CLANG_WARN_UNGUARDED_AVAILABILITY = YES_AGGRESSIVE;
				CLANG_WARN_UNREACHABLE_CODE = YES;
				CLANG_WARN__DUPLICATE_METHOD_MATCH = YES;
				CODE_SIGN_IDENTITY = "iPhone Developer";
				COPY_PHASE_STRIP = NO;
				DEBUG_INFORMATION_FORMAT = dwarf;
				ENABLE_STRICT_OBJC_MSGSEND = YES;
				ENABLE_TESTABILITY = YES;
				GCC_C_LANGUAGE_STANDARD = gnu11;
				GCC_DYNAMIC_NO_PIC = NO;
				GCC_NO_COMMON_BLOCKS = YES;
				GCC_OPTIMIZATION_LEVEL = 0;
				GCC_PREPROCESSOR_DEFINITIONS = (
					"DEBUG=1",
					"$(inherited)",
				);
				GCC_WARN_64_TO_32_BIT_CONVERSION = YES;
				GCC_WARN_ABOUT_RETURN_TYPE = YES_ERROR;
				GCC_WARN_UNDECLARED_SELECTOR = YES;
				GCC_WARN_UNINITIALIZED_AUTOS = YES_AGGRESSIVE;
				GCC_WARN_UNUSED_FUNCTION = YES;
				GCC_WARN_UNUSED_VARIABLE = YES;
				IPHONEOS_DEPLOYMENT_TARGET = 12.2;
				MTL_ENABLE_DEBUG_INFO = INCLUDE_SOURCE;
				MTL_FAST_MATH = YES;
				ONLY_ACTIVE_ARCH = YES;
				SDKROOT = iphoneos;
				SWIFT_ACTIVE_COMPILATION_CONDITIONS = DEBUG;
				SWIFT_OPTIMIZATION_LEVEL = "-Onone";
			};
			name = Debug;
		};
		EE91FA22230396F6003C716D /* Release */ = {
			isa = XCBuildConfiguration;
			buildSettings = {
				ALWAYS_SEARCH_USER_PATHS = NO;
				CLANG_ANALYZER_NONNULL = YES;
				CLANG_ANALYZER_NUMBER_OBJECT_CONVERSION = YES_AGGRESSIVE;
				CLANG_CXX_LANGUAGE_STANDARD = "gnu++14";
				CLANG_CXX_LIBRARY = "libc++";
				CLANG_ENABLE_MODULES = YES;
				CLANG_ENABLE_OBJC_ARC = YES;
				CLANG_ENABLE_OBJC_WEAK = YES;
				CLANG_WARN_BLOCK_CAPTURE_AUTORELEASING = YES;
				CLANG_WARN_BOOL_CONVERSION = YES;
				CLANG_WARN_COMMA = YES;
				CLANG_WARN_CONSTANT_CONVERSION = YES;
				CLANG_WARN_DEPRECATED_OBJC_IMPLEMENTATIONS = YES;
				CLANG_WARN_DIRECT_OBJC_ISA_USAGE = YES_ERROR;
				CLANG_WARN_DOCUMENTATION_COMMENTS = YES;
				CLANG_WARN_EMPTY_BODY = YES;
				CLANG_WARN_ENUM_CONVERSION = YES;
				CLANG_WARN_INFINITE_RECURSION = YES;
				CLANG_WARN_INT_CONVERSION = YES;
				CLANG_WARN_NON_LITERAL_NULL_CONVERSION = YES;
				CLANG_WARN_OBJC_IMPLICIT_RETAIN_SELF = YES;
				CLANG_WARN_OBJC_LITERAL_CONVERSION = YES;
				CLANG_WARN_OBJC_ROOT_CLASS = YES_ERROR;
				CLANG_WARN_QUOTED_INCLUDE_IN_FRAMEWORK_HEADER = YES;
				CLANG_WARN_RANGE_LOOP_ANALYSIS = YES;
				CLANG_WARN_STRICT_PROTOTYPES = YES;
				CLANG_WARN_SUSPICIOUS_MOVE = YES;
				CLANG_WARN_UNGUARDED_AVAILABILITY = YES_AGGRESSIVE;
				CLANG_WARN_UNREACHABLE_CODE = YES;
				CLANG_WARN__DUPLICATE_METHOD_MATCH = YES;
				CODE_SIGN_IDENTITY = "iPhone Developer";
				COPY_PHASE_STRIP = NO;
				DEBUG_INFORMATION_FORMAT = "dwarf-with-dsym";
				ENABLE_NS_ASSERTIONS = NO;
				ENABLE_STRICT_OBJC_MSGSEND = YES;
				GCC_C_LANGUAGE_STANDARD = gnu11;
				GCC_NO_COMMON_BLOCKS = YES;
				GCC_WARN_64_TO_32_BIT_CONVERSION = YES;
				GCC_WARN_ABOUT_RETURN_TYPE = YES_ERROR;
				GCC_WARN_UNDECLARED_SELECTOR = YES;
				GCC_WARN_UNINITIALIZED_AUTOS = YES_AGGRESSIVE;
				GCC_WARN_UNUSED_FUNCTION = YES;
				GCC_WARN_UNUSED_VARIABLE = YES;
				IPHONEOS_DEPLOYMENT_TARGET = 12.2;
				MTL_ENABLE_DEBUG_INFO = NO;
				MTL_FAST_MATH = YES;
				SDKROOT = iphoneos;
				SWIFT_COMPILATION_MODE = wholemodule;
				SWIFT_OPTIMIZATION_LEVEL = "-O";
				VALIDATE_PRODUCT = YES;
			};
			name = Release;
		};
		EE91FA24230396F6003C716D /* Debug */ = {
			isa = XCBuildConfiguration;
			baseConfigurationReference = 06BF4FB790A81B3FDA5D1B35 /* Pods-StumpSlides.debug.xcconfig */;
			buildSettings = {
				ASSETCATALOG_COMPILER_APPICON_NAME = AppIcon;
				CODE_SIGN_ENTITLEMENTS = StumpSlides/StumpSlides.entitlements;
				CODE_SIGN_STYLE = Automatic;
				DEVELOPMENT_TEAM = FZTVR399HK;
				INFOPLIST_FILE = StumpSlides/Info.plist;
				IPHONEOS_DEPLOYMENT_TARGET = 14.1;
				LD_RUNPATH_SEARCH_PATHS = (
					"$(inherited)",
					"@executable_path/Frameworks",
				);
				PRODUCT_BUNDLE_IDENTIFIER = com.atomicbird.stumpslides;
				PRODUCT_NAME = "$(TARGET_NAME)";
				SUPPORTS_MACCATALYST = YES;
				SWIFT_VERSION = 5.0;
				TARGETED_DEVICE_FAMILY = "1,2";
			};
			name = Debug;
		};
		EE91FA25230396F6003C716D /* Release */ = {
			isa = XCBuildConfiguration;
			baseConfigurationReference = C680DFF4C0AD6843C3C98C76 /* Pods-StumpSlides.release.xcconfig */;
			buildSettings = {
				ASSETCATALOG_COMPILER_APPICON_NAME = AppIcon;
				CODE_SIGN_ENTITLEMENTS = StumpSlides/StumpSlides.entitlements;
				CODE_SIGN_STYLE = Automatic;
				DEVELOPMENT_TEAM = FZTVR399HK;
				INFOPLIST_FILE = StumpSlides/Info.plist;
				IPHONEOS_DEPLOYMENT_TARGET = 14.1;
				LD_RUNPATH_SEARCH_PATHS = (
					"$(inherited)",
					"@executable_path/Frameworks",
				);
				PRODUCT_BUNDLE_IDENTIFIER = com.atomicbird.stumpslides;
				PRODUCT_NAME = "$(TARGET_NAME)";
				SUPPORTS_MACCATALYST = YES;
				SWIFT_VERSION = 5.0;
				TARGETED_DEVICE_FAMILY = "1,2";
			};
			name = Release;
		};
		EE91FA27230396F6003C716D /* Debug */ = {
			isa = XCBuildConfiguration;
			baseConfigurationReference = 7BA0C9765B606F939FB3477B /* Pods-StumpSlidesTests.debug.xcconfig */;
			buildSettings = {
				ALWAYS_EMBED_SWIFT_STANDARD_LIBRARIES = YES;
				BUNDLE_LOADER = "$(TEST_HOST)";
				CODE_SIGN_STYLE = Automatic;
				DEVELOPMENT_TEAM = FZTVR399HK;
				INFOPLIST_FILE = StumpSlidesTests/Info.plist;
				LD_RUNPATH_SEARCH_PATHS = (
					"$(inherited)",
					"@executable_path/Frameworks",
					"@loader_path/Frameworks",
				);
				PRODUCT_BUNDLE_IDENTIFIER = com.atomicbird.StumpSlidesTests;
				PRODUCT_NAME = "$(TARGET_NAME)";
				SWIFT_VERSION = 5.0;
				TARGETED_DEVICE_FAMILY = "1,2";
				TEST_HOST = "$(BUILT_PRODUCTS_DIR)/StumpSlides.app/StumpSlides";
			};
			name = Debug;
		};
		EE91FA28230396F6003C716D /* Release */ = {
			isa = XCBuildConfiguration;
			baseConfigurationReference = 8CF3BC844D0B18AFE5C126C3 /* Pods-StumpSlidesTests.release.xcconfig */;
			buildSettings = {
				ALWAYS_EMBED_SWIFT_STANDARD_LIBRARIES = YES;
				BUNDLE_LOADER = "$(TEST_HOST)";
				CODE_SIGN_STYLE = Automatic;
				DEVELOPMENT_TEAM = FZTVR399HK;
				INFOPLIST_FILE = StumpSlidesTests/Info.plist;
				LD_RUNPATH_SEARCH_PATHS = (
					"$(inherited)",
					"@executable_path/Frameworks",
					"@loader_path/Frameworks",
				);
				PRODUCT_BUNDLE_IDENTIFIER = com.atomicbird.StumpSlidesTests;
				PRODUCT_NAME = "$(TARGET_NAME)";
				SWIFT_VERSION = 5.0;
				TARGETED_DEVICE_FAMILY = "1,2";
				TEST_HOST = "$(BUILT_PRODUCTS_DIR)/StumpSlides.app/StumpSlides";
			};
			name = Release;
		};
		EE91FA2A230396F6003C716D /* Debug */ = {
			isa = XCBuildConfiguration;
			baseConfigurationReference = 16FFDBFE74E231AAC79A1753 /* Pods-StumpSlidesUITests.debug.xcconfig */;
			buildSettings = {
				ALWAYS_EMBED_SWIFT_STANDARD_LIBRARIES = YES;
				CODE_SIGN_STYLE = Automatic;
				DEVELOPMENT_TEAM = FZTVR399HK;
				INFOPLIST_FILE = StumpSlidesUITests/Info.plist;
				LD_RUNPATH_SEARCH_PATHS = (
					"$(inherited)",
					"@executable_path/Frameworks",
					"@loader_path/Frameworks",
				);
				PRODUCT_BUNDLE_IDENTIFIER = com.atomicbird.StumpSlidesUITests;
				PRODUCT_NAME = "$(TARGET_NAME)";
				SWIFT_VERSION = 5.0;
				TARGETED_DEVICE_FAMILY = "1,2";
				TEST_TARGET_NAME = StumpSlides;
			};
			name = Debug;
		};
		EE91FA2B230396F6003C716D /* Release */ = {
			isa = XCBuildConfiguration;
			baseConfigurationReference = 66C3FAE8058DB491B0A0277E /* Pods-StumpSlidesUITests.release.xcconfig */;
			buildSettings = {
				ALWAYS_EMBED_SWIFT_STANDARD_LIBRARIES = YES;
				CODE_SIGN_STYLE = Automatic;
				DEVELOPMENT_TEAM = FZTVR399HK;
				INFOPLIST_FILE = StumpSlidesUITests/Info.plist;
				LD_RUNPATH_SEARCH_PATHS = (
					"$(inherited)",
					"@executable_path/Frameworks",
					"@loader_path/Frameworks",
				);
				PRODUCT_BUNDLE_IDENTIFIER = com.atomicbird.StumpSlidesUITests;
				PRODUCT_NAME = "$(TARGET_NAME)";
				SWIFT_VERSION = 5.0;
				TARGETED_DEVICE_FAMILY = "1,2";
				TEST_TARGET_NAME = StumpSlides;
			};
			name = Release;
		};
/* End XCBuildConfiguration section */

/* Begin XCConfigurationList section */
		EE91F9F6230396F5003C716D /* Build configuration list for PBXProject "StumpSlides" */ = {
			isa = XCConfigurationList;
			buildConfigurations = (
				EE91FA21230396F6003C716D /* Debug */,
				EE91FA22230396F6003C716D /* Release */,
			);
			defaultConfigurationIsVisible = 0;
			defaultConfigurationName = Release;
		};
		EE91FA23230396F6003C716D /* Build configuration list for PBXNativeTarget "StumpSlides" */ = {
			isa = XCConfigurationList;
			buildConfigurations = (
				EE91FA24230396F6003C716D /* Debug */,
				EE91FA25230396F6003C716D /* Release */,
			);
			defaultConfigurationIsVisible = 0;
			defaultConfigurationName = Release;
		};
		EE91FA26230396F6003C716D /* Build configuration list for PBXNativeTarget "StumpSlidesTests" */ = {
			isa = XCConfigurationList;
			buildConfigurations = (
				EE91FA27230396F6003C716D /* Debug */,
				EE91FA28230396F6003C716D /* Release */,
			);
			defaultConfigurationIsVisible = 0;
			defaultConfigurationName = Release;
		};
		EE91FA29230396F6003C716D /* Build configuration list for PBXNativeTarget "StumpSlidesUITests" */ = {
			isa = XCConfigurationList;
			buildConfigurations = (
				EE91FA2A230396F6003C716D /* Debug */,
				EE91FA2B230396F6003C716D /* Release */,
			);
			defaultConfigurationIsVisible = 0;
			defaultConfigurationName = Release;
		};
/* End XCConfigurationList section */
	};
	rootObject = EE91F9F3230396F5003C716D /* Project object */;
}
